{
	"name": "cricket-live-score-update",
	"version": "1.0.0",
	"lockfileVersion": 3,
	"requires": true,
	"packages": {
		"": {
			"name": "cricket-live-score-update",
			"version": "1.0.0",
			"dependencies": {
				"@zcatalyst/auth": "file:../../../../zcatalyst-sdk-js-1/packages/auth/zcatalyst-auth-0.0.2.tgz",
				"@zcatalyst/auth-client": "file:../../../../zcatalyst-sdk-js-1/packages/auth-client/zcatalyst-auth-client-0.0.2.tgz",
				"@zcatalyst/datastreams": "file:../../../../zcatalyst-sdk-js-1/packages/datastreams/zcatalyst-datastreams-1.0.0.tgz",
				"@zcatalyst/transport": "file:../../../../zcatalyst-sdk-js-1/packages/transport/zcatalyst-transport-0.0.2.tgz",
				"@zcatalyst/utils": "file:../../../../zcatalyst-sdk-js-1/packages/utils/zcatalyst-utils-0.0.2.tgz",
				"ws": "^8.18.3",
				"zcatalyst-sdk-node": "latest"
			}
		},
		"node_modules/@zcatalyst/auth": {
			"version": "0.0.2",
			"resolved": "file:../../../../zcatalyst-sdk-js-1/packages/auth/zcatalyst-auth-0.0.2.tgz",
			"integrity": "sha512-QiOsIkjZQ0B03ZWvfwHmDXKrnLWA/EXwDdr5bfnkzxnWcAHL8+VzEUH9LKJzvmdt8WJiA/gP/RKHjRqsKMS0sA==",
			"license": "Apache-2.0",
			"dependencies": {
				"@zcatalyst/utils": "^0.0.2"
			}
		},
		"node_modules/@zcatalyst/auth-client": {
			"version": "0.0.2",
			"resolved": "file:../../../../zcatalyst-sdk-js-1/packages/auth-client/zcatalyst-auth-client-0.0.2.tgz",
			"integrity": "sha512-GK7BQ/+7z+YDb8daQCRpP2PYXV35UtggCQIYDKFsE9+0X9RDtaL2HOMw58/luPIswRdYt9tUJC2sMq4V3gjeKg==",
			"license": "Apache-2.0",
			"dependencies": {
				"@zcatalyst/utils": "^0.0.2"
			},
			"engines": {
				"node": ">=20"
			}
		},
		"node_modules/@zcatalyst/datastreams": {
			"version": "1.0.0",
			"resolved": "file:../../../../zcatalyst-sdk-js-1/packages/datastreams/zcatalyst-datastreams-1.0.0.tgz",
			"integrity": "sha512-hrQihZIgWGB92pnMYGnlzXuTN5X7LnRgq1BZas26qLaYEuYFZ8UmDvmPSf6SAf8S85YFbGSIgPZV+P/42wIbJQ==",
			"license": "MIT",
			"dependencies": {
				"@zcatalyst/utils": "0.0.2"
			},
			"engines": {
				"node": ">=18.0.0"
			}
		},
		"node_modules/@zcatalyst/transport": {
			"version": "0.0.2",
			"resolved": "file:../../../../zcatalyst-sdk-js-1/packages/transport/zcatalyst-transport-0.0.2.tgz",
			"integrity": "sha512-/GN+EwAexithtvKUKh4ceLMkN922Vk7LEKVsW/1HN3O5YhkjYXh+WJzIgkGDugVKw1wx0kVGiAQIRkFD7CN85w==",
			"license": "Apache-2.0",
			"dependencies": {
				"@zcatalyst/auth": "^0.0.2",
				"@zcatalyst/auth-client": "^0.0.2",
				"@zcatalyst/utils": "^0.0.2"
			},
			"engines": {
				"node": ">=20"
			}
		},
		"node_modules/@zcatalyst/utils": {
			"version": "0.0.2",
			"resolved": "file:../../../../zcatalyst-sdk-js-1/packages/utils/zcatalyst-utils-0.0.2.tgz",
			"integrity": "sha512-WCoRqvxqMDdBXS4zgg2ffyUm90DR1znPZFdeELem9qpFWpqfjBOhn/wj1I7CXJVkD8rsG18EHWxnCcRGfLZHtQ==",
			"license": "Apache-2.0",
			"engines": {
				"node": ">=20"
			}
		},
		"node_modules/ws": {
			"version": "8.18.3",
			"resolved": "https://registry.npmjs.org/ws/-/ws-8.18.3.tgz",
			"integrity": "sha512-PEIGCY5tSlUt50cqyMXfCzX+oOPqN0vuGqWzbcJ2xvnkzkq46oOpz7dQaTDBdfICb4N14+GARUDw2XV2N4tvzg==",
			"license": "MIT",
			"engines": {
				"node": ">=10.0.0"
			},
			"peerDependencies": {
				"bufferutil": "^4.0.1",
				"utf-8-validate": ">=5.0.2"
			},
			"peerDependenciesMeta": {
				"bufferutil": {
					"optional": true
				},
				"utf-8-validate": {
					"optional": true
				}
			}
		},
		"node_modules/zcatalyst-sdk-node": {
			"version": "3.0.3",
			"resolved": "https://registry.npmjs.org/zcatalyst-sdk-node/-/zcatalyst-sdk-node-3.0.3.tgz",
			"integrity": "sha512-hoY/058kzn8t6j0SGcKpthHvyBcPhEFRYDlHftSopxH2+8RiE9XCW805GdvekJZ1+0FygndD4GWg0OSqRReTjg==",
			"license": "MIT",
			"engines": {
				"node": ">=10.0.0"
			}
		}
	}
}
